
Microsoft Visual Studio Solution File, Format Version 12.00
# Visual Studio Version 17
VisualStudioVersion = 17.12.35707.178
MinimumVisualStudioVersion = 10.0.40219.1
Project("{8BC9CEB8-8B4A-11D0-8D11-00A0C91BC942}") = "DirectXTK12Polygon", "DirectXTK12Polygon\DirectXTK12Polygon.vcxproj", "{CA987135-9A33-413B-A4F9-EB2B74A05B81}"
EndProject
Project("{8BC9CEB8-8B4A-11D0-8D11-00A0C91BC942}") = "DirectXTK12PolygonScene", "DirectXTK12PolygonScene\DirectXTK12PolygonScene.vcxproj", "{FB74D34E-374D-44F4-B02D-C556FFD4F214}"
EndProject
Global
	GlobalSection(SolutionConfigurationPlatforms) = preSolution
		Debug|x64 = Debug|x64
		Debug|x86 = Debug|x86
		Release|x64 = Release|x64
		Release|x86 = Release|x86
	EndGlobalSection
	GlobalSection(ProjectConfigurationPlatforms) = postSolution
		{CA987135-9A33-413B-A4F9-EB2B74A05B81}.Debug|x64.ActiveCfg = Debug|x64
		{CA987135-9A33-413B-A4F9-EB2B74A05B81}.Debug|x64.Build.0 = Debug|x64
		{CA987135-9A33-413B-A4F9-EB2B74A05B81}.Debug|x86.ActiveCfg = Debug|Win32
		{CA987135-9A33-413B-A4F9-EB2B74A05B81}.Debug|x86.Build.0 = Debug|Win32
		{CA987135-9A33-413B-A4F9-EB2B74A05B81}.Release|x64.ActiveCfg = Release|x64
		{CA987135-9A33-413B-A4F9-EB2B74A05B81}.Release|x64.Build.0 = Release|x64
		{CA987135-9A33-413B-A4F9-EB2B74A05B81}.Release|x86.ActiveCfg = Release|Win32
		{CA987135-9A33-413B-A4F9-EB2B74A05B81}.Release|x86.Build.0 = Release|Win32
		{FB74D34E-374D-44F4-B02D-C556FFD4F214}.Debug|x64.ActiveCfg = Debug|x64
		{FB74D34E-374D-44F4-B02D-C556FFD4F214}.Debug|x64.Build.0 = Debug|x64
		{FB74D34E-374D-44F4-B02D-C556FFD4F214}.Debug|x86.ActiveCfg = Debug|Win32
		{FB74D34E-374D-44F4-B02D-C556FFD4F214}.Debug|x86.Build.0 = Debug|Win32
		{FB74D34E-374D-44F4-B02D-C556FFD4F214}.Release|x64.ActiveCfg = Release|x64
		{FB74D34E-374D-44F4-B02D-C556FFD4F214}.Release|x64.Build.0 = Release|x64
		{FB74D34E-374D-44F4-B02D-C556FFD4F214}.Release|x86.ActiveCfg = Release|Win32
		{FB74D34E-374D-44F4-B02D-C556FFD4F214}.Release|x86.Build.0 = Release|Win32
	EndGlobalSection
	GlobalSection(SolutionProperties) = preSolution
		HideSolutionNode = FALSE
	EndGlobalSection
EndGlobal
