
Microsoft Visual Studio Solution File, Format Version 12.00
# Visual Studio Version 17
VisualStudioVersion = 17.12.35707.178
MinimumVisualStudioVersion = 10.0.40219.1
Project("{8BC9CEB8-8B4A-11D0-8D11-00A0C91BC942}") = "DirectXTK12Polygon", "DirectXTK12Polygon\DirectXTK12Polygon.vcxproj", "{CA987135-9A33-413B-A4F9-EB2B74A05B81}"
EndProject
Project("{8BC9CEB8-8B4A-11D0-8D11-00A0C91BC942}") = "DirectXTK12PolygonScene", "DirectXTK12PolygonScene\DirectXTK12PolygonScene.vcxproj", "{FB74D34E-374D-44F4-B02D-C556FFD4F214}"
EndProject
Project("{8BC9CEB8-8B4A-11D0-8D11-00A0C91BC942}") = "DirectXTK12PolygonMeshshader", "DirectXTK12PolygonMeshshader\DirectXTK12PolygonMeshshader.vcxproj", "{DAC3F9FE-8D2B-4257-8982-1BADD590E8DE}"
EndProject
Project("{8BC9CEB8-8B4A-11D0-8D11-00A0C91BC942}") = "DirectXTK12PolygonTessellate", "DirectXTK12PolygonTessellate\DirectXTK12PolygonTessellate.vcxproj", "{B9B6D769-1DB9-4D06-B674-BBD8205666D6}"
EndProject
Project("{8BC9CEB8-8B4A-11D0-8D11-00A0C91BC942}") = "DirectXTK12PolygonTexture", "DirectXTK12PolygonTexture\DirectXTK12PolygonTexture.vcxproj", "{28815415-7450-4B41-9448-6E89AB909D56}"
EndProject
Project("{8BC9CEB8-8B4A-11D0-8D11-00A0C91BC942}") = "DirectXTK12_PolygonMeshShader_Scene", "DirectXTK12_PolygonMeshShader_Scene\DirectXTK12_PolygonMeshShader_Scene.vcxproj", "{9CE1A5DA-2819-4442-AE67-5B1EEC69CDE0}"
EndProject
Global
	GlobalSection(SolutionConfigurationPlatforms) = preSolution
		Debug|x64 = Debug|x64
		Debug|x86 = Debug|x86
		Release|x64 = Release|x64
		Release|x86 = Release|x86
	EndGlobalSection
	GlobalSection(ProjectConfigurationPlatforms) = postSolution
		{CA987135-9A33-413B-A4F9-EB2B74A05B81}.Debug|x64.ActiveCfg = Debug|x64
		{CA987135-9A33-413B-A4F9-EB2B74A05B81}.Debug|x64.Build.0 = Debug|x64
		{CA987135-9A33-413B-A4F9-EB2B74A05B81}.Debug|x86.ActiveCfg = Debug|Win32
		{CA987135-9A33-413B-A4F9-EB2B74A05B81}.Debug|x86.Build.0 = Debug|Win32
		{CA987135-9A33-413B-A4F9-EB2B74A05B81}.Release|x64.ActiveCfg = Release|x64
		{CA987135-9A33-413B-A4F9-EB2B74A05B81}.Release|x64.Build.0 = Release|x64
		{CA987135-9A33-413B-A4F9-EB2B74A05B81}.Release|x86.ActiveCfg = Release|Win32
		{CA987135-9A33-413B-A4F9-EB2B74A05B81}.Release|x86.Build.0 = Release|Win32
		{FB74D34E-374D-44F4-B02D-C556FFD4F214}.Debug|x64.ActiveCfg = Debug|x64
		{FB74D34E-374D-44F4-B02D-C556FFD4F214}.Debug|x64.Build.0 = Debug|x64
		{FB74D34E-374D-44F4-B02D-C556FFD4F214}.Debug|x86.ActiveCfg = Debug|Win32
		{FB74D34E-374D-44F4-B02D-C556FFD4F214}.Debug|x86.Build.0 = Debug|Win32
		{FB74D34E-374D-44F4-B02D-C556FFD4F214}.Release|x64.ActiveCfg = Release|x64
		{FB74D34E-374D-44F4-B02D-C556FFD4F214}.Release|x64.Build.0 = Release|x64
		{FB74D34E-374D-44F4-B02D-C556FFD4F214}.Release|x86.ActiveCfg = Release|Win32
		{FB74D34E-374D-44F4-B02D-C556FFD4F214}.Release|x86.Build.0 = Release|Win32
		{DAC3F9FE-8D2B-4257-8982-1BADD590E8DE}.Debug|x64.ActiveCfg = Debug|x64
		{DAC3F9FE-8D2B-4257-8982-1BADD590E8DE}.Debug|x64.Build.0 = Debug|x64
		{DAC3F9FE-8D2B-4257-8982-1BADD590E8DE}.Debug|x86.ActiveCfg = Debug|Win32
		{DAC3F9FE-8D2B-4257-8982-1BADD590E8DE}.Debug|x86.Build.0 = Debug|Win32
		{DAC3F9FE-8D2B-4257-8982-1BADD590E8DE}.Release|x64.ActiveCfg = Release|x64
		{DAC3F9FE-8D2B-4257-8982-1BADD590E8DE}.Release|x64.Build.0 = Release|x64
		{DAC3F9FE-8D2B-4257-8982-1BADD590E8DE}.Release|x86.ActiveCfg = Release|Win32
		{DAC3F9FE-8D2B-4257-8982-1BADD590E8DE}.Release|x86.Build.0 = Release|Win32
		{B9B6D769-1DB9-4D06-B674-BBD8205666D6}.Debug|x64.ActiveCfg = Debug|x64
		{B9B6D769-1DB9-4D06-B674-BBD8205666D6}.Debug|x64.Build.0 = Debug|x64
		{B9B6D769-1DB9-4D06-B674-BBD8205666D6}.Debug|x86.ActiveCfg = Debug|Win32
		{B9B6D769-1DB9-4D06-B674-BBD8205666D6}.Debug|x86.Build.0 = Debug|Win32
		{B9B6D769-1DB9-4D06-B674-BBD8205666D6}.Release|x64.ActiveCfg = Release|x64
		{B9B6D769-1DB9-4D06-B674-BBD8205666D6}.Release|x64.Build.0 = Release|x64
		{B9B6D769-1DB9-4D06-B674-BBD8205666D6}.Release|x86.ActiveCfg = Release|Win32
		{B9B6D769-1DB9-4D06-B674-BBD8205666D6}.Release|x86.Build.0 = Release|Win32
		{28815415-7450-4B41-9448-6E89AB909D56}.Debug|x64.ActiveCfg = Debug|x64
		{28815415-7450-4B41-9448-6E89AB909D56}.Debug|x64.Build.0 = Debug|x64
		{28815415-7450-4B41-9448-6E89AB909D56}.Debug|x86.ActiveCfg = Debug|Win32
		{28815415-7450-4B41-9448-6E89AB909D56}.Debug|x86.Build.0 = Debug|Win32
		{28815415-7450-4B41-9448-6E89AB909D56}.Release|x64.ActiveCfg = Release|x64
		{28815415-7450-4B41-9448-6E89AB909D56}.Release|x64.Build.0 = Release|x64
		{28815415-7450-4B41-9448-6E89AB909D56}.Release|x86.ActiveCfg = Release|Win32
		{28815415-7450-4B41-9448-6E89AB909D56}.Release|x86.Build.0 = Release|Win32
		{9CE1A5DA-2819-4442-AE67-5B1EEC69CDE0}.Debug|x64.ActiveCfg = Debug|x64
		{9CE1A5DA-2819-4442-AE67-5B1EEC69CDE0}.Debug|x64.Build.0 = Debug|x64
		{9CE1A5DA-2819-4442-AE67-5B1EEC69CDE0}.Debug|x86.ActiveCfg = Debug|Win32
		{9CE1A5DA-2819-4442-AE67-5B1EEC69CDE0}.Debug|x86.Build.0 = Debug|Win32
		{9CE1A5DA-2819-4442-AE67-5B1EEC69CDE0}.Release|x64.ActiveCfg = Release|x64
		{9CE1A5DA-2819-4442-AE67-5B1EEC69CDE0}.Release|x64.Build.0 = Release|x64
		{9CE1A5DA-2819-4442-AE67-5B1EEC69CDE0}.Release|x86.ActiveCfg = Release|Win32
		{9CE1A5DA-2819-4442-AE67-5B1EEC69CDE0}.Release|x86.Build.0 = Release|Win32
	EndGlobalSection
	GlobalSection(SolutionProperties) = preSolution
		HideSolutionNode = FALSE
	EndGlobalSection
	GlobalSection(ExtensibilityGlobals) = postSolution
		SolutionGuid = {5569F301-B3FD-4572-AC45-55FC3AFAF75A}
	EndGlobalSection
EndGlobal
